hash: 1587e7d736be9128d21299375f495a73844170b1a47a077e3088bfa710dac508
updated: 2018-03-08T17:34:34.345781-05:00
imports:
- name: github.com/golang/protobuf
  version: 925541529c1fa6821df4e44ce2723319eb2be768
  subpackages:
  - proto
- name: github.com/stretchr/testify
  version: 12b6f73e6084dad08a7c6e575284b177ecafbc71
- name: github.com/xsleonard/go-merkle
  version: c71c7cc334c839f31f3760b2385eab8381daf64e
testImports: []
