# This file is autogenerated, do not edit; changes may be undone by the next 'dep ensure'.


[[projects]]
  name = "github.com/davecgh/go-spew"
  packages = ["spew"]
  revision = "346938d642f2ec3594ed81d874461961cd0faa76"
  version = "v1.1.0"

[[projects]]
  branch = "master"
  name = "github.com/go-bongo/go-dotaccess"
  packages = ["."]
  revision = "ae070a2d2a38fd7233e255ded21fb26fe36b4796"

[[projects]]
  name = "github.com/golang/protobuf"
  packages = [
    "proto",
    "ptypes",
    "ptypes/any",
    "ptypes/duration",
    "ptypes/timestamp"
  ]
  revision = "b4deda0973fb4c70b50d226b1af49f3da59f5265"
  version = "v1.1.0"

[[projects]]
  branch = "master"
  name = "github.com/iancoleman/strcase"
  packages = ["."]
  revision = "90d371a664d668ca3e61d3ddddf1916662959f11"

[[projects]]
  branch = "master"
  name = "github.com/oleiade/reflections"
  packages = ["."]
  revision = "0e86b3c98b2ff33e30c85cfe97d9a63d439fe7eb"

[[projects]]
  name = "github.com/pmezard/go-difflib"
  packages = ["difflib"]
  revision = "792786c7400a136282c1664665ae0a8db921c6c2"
  version = "v1.0.0"

[[projects]]
  name = "github.com/stretchr/testify"
  packages = ["assert"]
  revision = "f35b8ab0b5a2cef36673838d662e249dd9c94686"
  version = "v1.2.2"

[[projects]]
  branch = "master"
  name = "github.com/xsleonard/go-merkle"
  packages = ["."]
  revision = "c71c7cc334c839f31f3760b2385eab8381daf64e"

[solve-meta]
  analyzer-name = "dep"
  analyzer-version = 1
  inputs-digest = "03a45a77580b3bd0eaf8a72b3b6e261fbc79d20445bc4ded150c41cc4e537537"
  solver-name = "gps-cdcl"
  solver-version = 1
